
Microsoft Visual Studio Solution File, Format Version 12.00
# Visual Studio Version 17
VisualStudioVersion = 17.8.34525.116
MinimumVisualStudioVersion = 10.0.40219.1
Project("{FAE04EC0-301F-11D3-BF4B-00C04F79EFBC}") = "EndpointImplementationProject", "EndpointImplementationProject.csproj", "{51D5A531-DF38-4B05-8200-9D62C93B0AE8}"
EndProject
Global
	GlobalSection(SolutionConfigurationPlatforms) = preSolution
		Debug|Any CPU = Debug|Any CPU
		Release|Any CPU = Release|Any CPU
	EndGlobalSection
	GlobalSection(ProjectConfigurationPlatforms) = postSolution
		{51D5A531-DF38-4B05-8200-9D62C93B0AE8}.Debug|Any CPU.ActiveCfg = Debug|Any CPU
		{51D5A531-DF38-4B05-8200-9D62C93B0AE8}.Debug|Any CPU.Build.0 = Debug|Any CPU
		{51D5A531-DF38-4B05-8200-9D62C93B0AE8}.Release|Any CPU.ActiveCfg = Release|Any CPU
		{51D5A531-DF38-4B05-8200-9D62C93B0AE8}.Release|Any CPU.Build.0 = Release|Any CPU
	EndGlobalSection
	GlobalSection(SolutionProperties) = preSolution
		HideSolutionNode = FALSE
	EndGlobalSection
	GlobalSection(ExtensibilityGlobals) = postSolution
		SolutionGuid = {189C381F-C9E3-4675-9A80-95BB6561BE3D}
	EndGlobalSection
EndGlobal
